{
  "name": "forum-api",
  "version": "1.0.0",
  "lockfileVersion": 2,
  "requires": true,
  "packages": {
    "": {
      "name": "forum-api",
      "version": "1.0.0",
      "license": "ISC",
      "dependencies": {
        "instances-container": "^2.0.6"
      }
    },
    "node_modules/instances-container": {
      "version": "2.0.6",
      "resolved": "https://registry.npmjs.org/instances-container/-/instances-container-2.0.6.tgz",
      "integrity": "sha512-h117iLPh+IuCCo44oh4FftUakm8df4cf4pg5bm6EQSkEl5Ol26yKVdyB4T4MNJshiE75aFLS8j1IIi8obe8B+g=="
    }
  },
  "dependencies": {
    "instances-container": {
      "version": "2.0.6",
      "resolved": "https://registry.npmjs.org/instances-container/-/instances-container-2.0.6.tgz",
      "integrity": "sha512-h117iLPh+IuCCo44oh4FftUakm8df4cf4pg5bm6EQSkEl5Ol26yKVdyB4T4MNJshiE75aFLS8j1IIi8obe8B+g=="
    }
  }
}
